
Microsoft Visual Studio Solution File, Format Version 12.00
# Visual Studio Version 16
VisualStudioVersion = 16.0.30204.135
MinimumVisualStudioVersion = 10.0.40219.1
Project("{FAE04EC0-301F-11D3-BF4B-00C04F79EFBC}") = "Week2ListsAndArrays", "Week2ListsAndArrays\Week2ListsAndArrays.csproj", "{69EFEDAD-012D-4EBF-9584-A691FCC18DFD}"
EndProject
Global
	GlobalSection(SolutionConfigurationPlatforms) = preSolution
		Debug|Any CPU = Debug|Any CPU
		Release|Any CPU = Release|Any CPU
	EndGlobalSection
	GlobalSection(ProjectConfigurationPlatforms) = postSolution
		{69EFEDAD-012D-4EBF-9584-A691FCC18DFD}.Debug|Any CPU.ActiveCfg = Debug|Any CPU
		{69EFEDAD-012D-4EBF-9584-A691FCC18DFD}.Debug|Any CPU.Build.0 = Debug|Any CPU
		{69EFEDAD-012D-4EBF-9584-A691FCC18DFD}.Release|Any CPU.ActiveCfg = Release|Any CPU
		{69EFEDAD-012D-4EBF-9584-A691FCC18DFD}.Release|Any CPU.Build.0 = Release|Any CPU
	EndGlobalSection
	GlobalSection(SolutionProperties) = preSolution
		HideSolutionNode = FALSE
	EndGlobalSection
	GlobalSection(ExtensibilityGlobals) = postSolution
		SolutionGuid = {80C7B5DF-5DCB-4617-A1BA-F3F8D7346600}
	EndGlobalSection
EndGlobal
